
Microsoft Visual Studio Solution File, Format Version 12.00
# Visual Studio Version 16
VisualStudioVersion = 16.0.33801.447
MinimumVisualStudioVersion = 10.0.40219.1
Project("{FAE04EC0-301F-11D3-BF4B-00C04F79EFBC}") = "Симулятор Системы счисления", "Симулятор Системы счисления\Симулятор Системы счисления.csproj", "{4FE0CD96-FDEB-426E-B7D7-A9ED62EE4A0E}"
EndProject
Global
	GlobalSection(SolutionConfigurationPlatforms) = preSolution
		Debug|Any CPU = Debug|Any CPU
		Release|Any CPU = Release|Any CPU
	EndGlobalSection
	GlobalSection(ProjectConfigurationPlatforms) = postSolution
		{4FE0CD96-FDEB-426E-B7D7-A9ED62EE4A0E}.Debug|Any CPU.ActiveCfg = Debug|Any CPU
		{4FE0CD96-FDEB-426E-B7D7-A9ED62EE4A0E}.Debug|Any CPU.Build.0 = Debug|Any CPU
		{4FE0CD96-FDEB-426E-B7D7-A9ED62EE4A0E}.Release|Any CPU.ActiveCfg = Release|Any CPU
		{4FE0CD96-FDEB-426E-B7D7-A9ED62EE4A0E}.Release|Any CPU.Build.0 = Release|Any CPU
	EndGlobalSection
	GlobalSection(SolutionProperties) = preSolution
		HideSolutionNode = FALSE
	EndGlobalSection
	GlobalSection(ExtensibilityGlobals) = postSolution
		SolutionGuid = {C5E65708-2C87-45EA-88F4-86BCDCAC5C84}
	EndGlobalSection
EndGlobal
